{
  "name": "@jsantell/three-app",
  "version": "1.0.0",
  "lockfileVersion": 1,
  "requires": true,
  "dependencies": {
    "@types/estree": {
      "version": "0.0.38",
      "resolved": "https://registry.npmjs.org/@types/estree/-/estree-0.0.38.tgz",
      "integrity": "sha512-F/v7t1LwS4vnXuPooJQGBRKRGIoxWUTmA4VHfqjOccFsNDThD5bfUNpITive6s352O7o384wcpEaDV8rHCehDA==",
      "dev": true
    },
    "@types/node": {
      "version": "9.6.6",
      "resolved": "https://registry.npmjs.org/@types/node/-/node-9.6.6.tgz",
      "integrity": "sha512-SJe0g5cZeGNDP5sD8mIX3scb+eq8LQQZ60FXiKZHipYSeEFZ5EKml+NNMiO76F74TY4PoMWlNxF/YRY40FOvZQ==",
      "dev": true
    },
    "rollup": {
      "version": "0.58.1",
      "resolved": "https://registry.npmjs.org/rollup/-/rollup-0.58.1.tgz",
      "integrity": "sha512-m423aUHITpMlcqz0grLddNGxMpBC2yYmgKwSlKNXxEi8PfNKTknh69JDo1bB1T9ezJQeqAoyFo2+U3qMQ4/I6g==",
      "dev": true,
      "requires": {
        "@types/estree": "0.0.38",
        "@types/node": "9.6.6"
      }
    }
  }
}
